{
  "originHash" : "a7e1058f960e76d7439d316f8d2baee5b4fec89d6b8fa43279215bc4f594d263",
  "pins" : [
    {
      "identity" : "inject",
      "kind" : "remoteSourceControl",
      "location" : "https://github.com/krzysztofzablocki/Inject",
      "state" : {
        "revision" : "728c56639ecb3df441d51d5bc6747329afabcfc9",
        "version" : "1.5.2"
      }
    },
    {
      "identity" : "meshingkit",
      "kind" : "remoteSourceControl",
      "location" : "https://github.com/rryam/MeshingKit",
      "state" : {
        "branch" : "main",
        "revision" : "3436d7d5652803103519897c5914e5a37007575a"
      }
    }
  ],
  "version" : 3
}
